
Microsoft Visual Studio Solution File, Format Version 12.00
# Visual Studio 14
VisualStudioVersion = 14.0.25420.1
MinimumVisualStudioVersion = 10.0.40219.1
Project("{FAE04EC0-301F-11D3-BF4B-00C04F79EFBC}") = "App7.Droid", "App7\App7.Droid\App7.Droid.csproj", "{AF47BD30-D57A-480E-B733-46BB9F71CDFC}"
EndProject
Project("{FAE04EC0-301F-11D3-BF4B-00C04F79EFBC}") = "App7.iOS", "App7\App7.iOS\App7.iOS.csproj", "{43A6FCCD-C983-4B39-9A3B-05F9F16D56B9}"
EndProject
Project("{FAE04EC0-301F-11D3-BF4B-00C04F79EFBC}") = "App7.WinPhone", "App7\App7.WinPhone\App7.WinPhone.csproj", "{C9CC5CB6-048A-4D70-ADDB-BCA8E5349223}"
EndProject
Project("{FAE04EC0-301F-11D3-BF4B-00C04F79EFBC}") = "App7.UWP", "App7\App7.UWP\App7.UWP.csproj", "{98424F29-D814-449E-9BB4-D2AA21A9FFFC}"
EndProject
Project("{FAE04EC0-301F-11D3-BF4B-00C04F79EFBC}") = "App7.Windows", "App7\App7.Windows\App7.Windows.csproj", "{98ACE7DE-B3A2-48B6-9484-3A4042310426}"
EndProject
Project("{FAE04EC0-301F-11D3-BF4B-00C04F79EFBC}") = "App7", "App7\App7\App7.csproj", "{ACB1CC18-893E-4820-AB2F-44CBC38AC787}"
EndProject
Global
	GlobalSection(SolutionConfigurationPlatforms) = preSolution
		Ad-Hoc|Any CPU = Ad-Hoc|Any CPU
		Ad-Hoc|ARM = Ad-Hoc|ARM
		Ad-Hoc|iPhone = Ad-Hoc|iPhone
		Ad-Hoc|iPhoneSimulator = Ad-Hoc|iPhoneSimulator
		Ad-Hoc|x64 = Ad-Hoc|x64
		Ad-Hoc|x86 = Ad-Hoc|x86
		AppStore|Any CPU = AppStore|Any CPU
		AppStore|ARM = AppStore|ARM
		AppStore|iPhone = AppStore|iPhone
		AppStore|iPhoneSimulator = AppStore|iPhoneSimulator
		AppStore|x64 = AppStore|x64
		AppStore|x86 = AppStore|x86
		Debug|Any CPU = Debug|Any CPU
		Debug|ARM = Debug|ARM
		Debug|iPhone = Debug|iPhone
		Debug|iPhoneSimulator = Debug|iPhoneSimulator
		Debug|x64 = Debug|x64
		Debug|x86 = Debug|x86
		Release|Any CPU = Release|Any CPU
		Release|ARM = Release|ARM
		Release|iPhone = Release|iPhone
		Release|iPhoneSimulator = Release|iPhoneSimulator
		Release|x64 = Release|x64
		Release|x86 = Release|x86
	EndGlobalSection
	GlobalSection(ProjectConfigurationPlatforms) = postSolution
		{AF47BD30-D57A-480E-B733-46BB9F71CDFC}.Ad-Hoc|Any CPU.ActiveCfg = Release|Any CPU
		{AF47BD30-D57A-480E-B733-46BB9F71CDFC}.Ad-Hoc|Any CPU.Build.0 = Release|Any CPU
		{AF47BD30-D57A-480E-B733-46BB9F71CDFC}.Ad-Hoc|Any CPU.Deploy.0 = Release|Any CPU
		{AF47BD30-D57A-480E-B733-46BB9F71CDFC}.Ad-Hoc|ARM.ActiveCfg = Release|Any CPU
		{AF47BD30-D57A-480E-B733-46BB9F71CDFC}.Ad-Hoc|ARM.Build.0 = Release|Any CPU
		{AF47BD30-D57A-480E-B733-46BB9F71CDFC}.Ad-Hoc|ARM.Deploy.0 = Release|Any CPU
		{AF47BD30-D57A-480E-B733-46BB9F71CDFC}.Ad-Hoc|iPhone.ActiveCfg = Release|Any CPU
		{AF47BD30-D57A-480E-B733-46BB9F71CDFC}.Ad-Hoc|iPhone.Build.0 = Release|Any CPU
		{AF47BD30-D57A-480E-B733-46BB9F71CDFC}.Ad-Hoc|iPhone.Deploy.0 = Release|Any CPU
		{AF47BD30-D57A-480E-B733-46BB9F71CDFC}.Ad-Hoc|iPhoneSimulator.ActiveCfg = Release|Any CPU
		{AF47BD30-D57A-480E-B733-46BB9F71CDFC}.Ad-Hoc|iPhoneSimulator.Build.0 = Release|Any CPU
		{AF47BD30-D57A-480E-B733-46BB9F71CDFC}.Ad-Hoc|iPhoneSimulator.Deploy.0 = Release|Any CPU
		{AF47BD30-D57A-480E-B733-46BB9F71CDFC}.Ad-Hoc|x64.ActiveCfg = Release|Any CPU
		{AF47BD30-D57A-480E-B733-46BB9F71CDFC}.Ad-Hoc|x64.Build.0 = Release|Any CPU
		{AF47BD30-D57A-480E-B733-46BB9F71CDFC}.Ad-Hoc|x64.Deploy.0 = Release|Any CPU
		{AF47BD30-D57A-480E-B733-46BB9F71CDFC}.Ad-Hoc|x86.ActiveCfg = Release|Any CPU
		{AF47BD30-D57A-480E-B733-46BB9F71CDFC}.Ad-Hoc|x86.Build.0 = Release|Any CPU
		{AF47BD30-D57A-480E-B733-46BB9F71CDFC}.Ad-Hoc|x86.Deploy.0 = Release|Any CPU
		{AF47BD30-D57A-480E-B733-46BB9F71CDFC}.AppStore|Any CPU.ActiveCfg = Release|Any CPU
		{AF47BD30-D57A-480E-B733-46BB9F71CDFC}.AppStore|Any CPU.Build.0 = Release|Any CPU
		{AF47BD30-D57A-480E-B733-46BB9F71CDFC}.AppStore|Any CPU.Deploy.0 = Release|Any CPU
		{AF47BD30-D57A-480E-B733-46BB9F71CDFC}.AppStore|ARM.ActiveCfg = Release|Any CPU
		{AF47BD30-D57A-480E-B733-46BB9F71CDFC}.AppStore|ARM.Build.0 = Release|Any CPU
		{AF47BD30-D57A-480E-B733-46BB9F71CDFC}.AppStore|ARM.Deploy.0 = Release|Any CPU
		{AF47BD30-D57A-480E-B733-46BB9F71CDFC}.AppStore|iPhone.ActiveCfg = Release|Any CPU
		{AF47BD30-D57A-480E-B733-46BB9F71CDFC}.AppStore|iPhone.Build.0 = Release|Any CPU
		{AF47BD30-D57A-480E-B733-46BB9F71CDFC}.AppStore|iPhone.Deploy.0 = Release|Any CPU
		{AF47BD30-D57A-480E-B733-46BB9F71CDFC}.AppStore|iPhoneSimulator.ActiveCfg = Release|Any CPU
		{AF47BD30-D57A-480E-B733-46BB9F71CDFC}.AppStore|iPhoneSimulator.Build.0 = Release|Any CPU
		{AF47BD30-D57A-480E-B733-46BB9F71CDFC}.AppStore|iPhoneSimulator.Deploy.0 = Release|Any CPU
		{AF47BD30-D57A-480E-B733-46BB9F71CDFC}.AppStore|x64.ActiveCfg = Release|Any CPU
		{AF47BD30-D57A-480E-B733-46BB9F71CDFC}.AppStore|x64.Build.0 = Release|Any CPU
		{AF47BD30-D57A-480E-B733-46BB9F71CDFC}.AppStore|x64.Deploy.0 = Release|Any CPU
		{AF47BD30-D57A-480E-B733-46BB9F71CDFC}.AppStore|x86.ActiveCfg = Release|Any CPU
		{AF47BD30-D57A-480E-B733-46BB9F71CDFC}.AppStore|x86.Build.0 = Release|Any CPU
		{AF47BD30-D57A-480E-B733-46BB9F71CDFC}.AppStore|x86.Deploy.0 = Release|Any CPU
		{AF47BD30-D57A-480E-B733-46BB9F71CDFC}.Debug|Any CPU.ActiveCfg = Debug|Any CPU
		{AF47BD30-D57A-480E-B733-46BB9F71CDFC}.Debug|Any CPU.Build.0 = Debug|Any CPU
		{AF47BD30-D57A-480E-B733-46BB9F71CDFC}.Debug|Any CPU.Deploy.0 = Debug|Any CPU
		{AF47BD30-D57A-480E-B733-46BB9F71CDFC}.Debug|ARM.ActiveCfg = Debug|Any CPU
		{AF47BD30-D57A-480E-B733-46BB9F71CDFC}.Debug|ARM.Build.0 = Debug|Any CPU
		{AF47BD30-D57A-480E-B733-46BB9F71CDFC}.Debug|ARM.Deploy.0 = Debug|Any CPU
		{AF47BD30-D57A-480E-B733-46BB9F71CDFC}.Debug|iPhone.ActiveCfg = Debug|Any CPU
		{AF47BD30-D57A-480E-B733-46BB9F71CDFC}.Debug|iPhone.Build.0 = Debug|Any CPU
		{AF47BD30-D57A-480E-B733-46BB9F71CDFC}.Debug|iPhone.Deploy.0 = Debug|Any CPU
		{AF47BD30-D57A-480E-B733-46BB9F71CDFC}.Debug|iPhoneSimulator.ActiveCfg = Debug|Any CPU
		{AF47BD30-D57A-480E-B733-46BB9F71CDFC}.Debug|iPhoneSimulator.Build.0 = Debug|Any CPU
		{AF47BD30-D57A-480E-B733-46BB9F71CDFC}.Debug|iPhoneSimulator.Deploy.0 = Debug|Any CPU
		{AF47BD30-D57A-480E-B733-46BB9F71CDFC}.Debug|x64.ActiveCfg = Debug|Any CPU
		{AF47BD30-D57A-480E-B733-46BB9F71CDFC}.Debug|x64.Build.0 = Debug|Any CPU
		{AF47BD30-D57A-480E-B733-46BB9F71CDFC}.Debug|x64.Deploy.0 = Debug|Any CPU
		{AF47BD30-D57A-480E-B733-46BB9F71CDFC}.Debug|x86.ActiveCfg = Debug|Any CPU
		{AF47BD30-D57A-480E-B733-46BB9F71CDFC}.Debug|x86.Build.0 = Debug|Any CPU
		{AF47BD30-D57A-480E-B733-46BB9F71CDFC}.Debug|x86.Deploy.0 = Debug|Any CPU
		{AF47BD30-D57A-480E-B733-46BB9F71CDFC}.Release|Any CPU.ActiveCfg = Release|Any CPU
		{AF47BD30-D57A-480E-B733-46BB9F71CDFC}.Release|Any CPU.Build.0 = Release|Any CPU
		{AF47BD30-D57A-480E-B733-46BB9F71CDFC}.Release|Any CPU.Deploy.0 = Release|Any CPU
		{AF47BD30-D57A-480E-B733-46BB9F71CDFC}.Release|ARM.ActiveCfg = Release|Any CPU
		{AF47BD30-D57A-480E-B733-46BB9F71CDFC}.Release|ARM.Build.0 = Release|Any CPU
		{AF47BD30-D57A-480E-B733-46BB9F71CDFC}.Release|ARM.Deploy.0 = Release|Any CPU
		{AF47BD30-D57A-480E-B733-46BB9F71CDFC}.Release|iPhone.ActiveCfg = Release|Any CPU
		{AF47BD30-D57A-480E-B733-46BB9F71CDFC}.Release|iPhone.Build.0 = Release|Any CPU
		{AF47BD30-D57A-480E-B733-46BB9F71CDFC}.Release|iPhone.Deploy.0 = Release|Any CPU
		{AF47BD30-D57A-480E-B733-46BB9F71CDFC}.Release|iPhoneSimulator.ActiveCfg = Release|Any CPU
		{AF47BD30-D57A-480E-B733-46BB9F71CDFC}.Release|iPhoneSimulator.Build.0 = Release|Any CPU
		{AF47BD30-D57A-480E-B733-46BB9F71CDFC}.Release|iPhoneSimulator.Deploy.0 = Release|Any CPU
		{AF47BD30-D57A-480E-B733-46BB9F71CDFC}.Release|x64.ActiveCfg = Release|Any CPU
		{AF47BD30-D57A-480E-B733-46BB9F71CDFC}.Release|x64.Build.0 = Release|Any CPU
		{AF47BD30-D57A-480E-B733-46BB9F71CDFC}.Release|x64.Deploy.0 = Release|Any CPU
		{AF47BD30-D57A-480E-B733-46BB9F71CDFC}.Release|x86.ActiveCfg = Release|Any CPU
		{AF47BD30-D57A-480E-B733-46BB9F71CDFC}.Release|x86.Build.0 = Release|Any CPU
		{AF47BD30-D57A-480E-B733-46BB9F71CDFC}.Release|x86.Deploy.0 = Release|Any CPU
		{43A6FCCD-C983-4B39-9A3B-05F9F16D56B9}.Ad-Hoc|Any CPU.ActiveCfg = Ad-Hoc|iPhone
		{43A6FCCD-C983-4B39-9A3B-05F9F16D56B9}.Ad-Hoc|ARM.ActiveCfg = Ad-Hoc|iPhone
		{43A6FCCD-C983-4B39-9A3B-05F9F16D56B9}.Ad-Hoc|iPhone.ActiveCfg = Ad-Hoc|iPhone
		{43A6FCCD-C983-4B39-9A3B-05F9F16D56B9}.Ad-Hoc|iPhone.Build.0 = Ad-Hoc|iPhone
		{43A6FCCD-C983-4B39-9A3B-05F9F16D56B9}.Ad-Hoc|iPhoneSimulator.ActiveCfg = Ad-Hoc|iPhoneSimulator
		{43A6FCCD-C983-4B39-9A3B-05F9F16D56B9}.Ad-Hoc|iPhoneSimulator.Build.0 = Ad-Hoc|iPhoneSimulator
		{43A6FCCD-C983-4B39-9A3B-05F9F16D56B9}.Ad-Hoc|x64.ActiveCfg = Ad-Hoc|iPhone
		{43A6FCCD-C983-4B39-9A3B-05F9F16D56B9}.Ad-Hoc|x86.ActiveCfg = Ad-Hoc|iPhone
		{43A6FCCD-C983-4B39-9A3B-05F9F16D56B9}.AppStore|Any CPU.ActiveCfg = AppStore|iPhone
		{43A6FCCD-C983-4B39-9A3B-05F9F16D56B9}.AppStore|ARM.ActiveCfg = AppStore|iPhone
		{43A6FCCD-C983-4B39-9A3B-05F9F16D56B9}.AppStore|iPhone.ActiveCfg = AppStore|iPhone
		{43A6FCCD-C983-4B39-9A3B-05F9F16D56B9}.AppStore|iPhone.Build.0 = AppStore|iPhone
		{43A6FCCD-C983-4B39-9A3B-05F9F16D56B9}.AppStore|iPhoneSimulator.ActiveCfg = AppStore|iPhoneSimulator
		{43A6FCCD-C983-4B39-9A3B-05F9F16D56B9}.AppStore|iPhoneSimulator.Build.0 = AppStore|iPhoneSimulator
		{43A6FCCD-C983-4B39-9A3B-05F9F16D56B9}.AppStore|x64.ActiveCfg = AppStore|iPhone
		{43A6FCCD-C983-4B39-9A3B-05F9F16D56B9}.AppStore|x86.ActiveCfg = AppStore|iPhone
		{43A6FCCD-C983-4B39-9A3B-05F9F16D56B9}.Debug|Any CPU.ActiveCfg = Debug|iPhone
		{43A6FCCD-C983-4B39-9A3B-05F9F16D56B9}.Debug|ARM.ActiveCfg = Debug|iPhone
		{43A6FCCD-C983-4B39-9A3B-05F9F16D56B9}.Debug|iPhone.ActiveCfg = Debug|iPhone
		{43A6FCCD-C983-4B39-9A3B-05F9F16D56B9}.Debug|iPhone.Build.0 = Debug|iPhone
		{43A6FCCD-C983-4B39-9A3B-05F9F16D56B9}.Debug|iPhoneSimulator.ActiveCfg = Debug|iPhoneSimulator
		{43A6FCCD-C983-4B39-9A3B-05F9F16D56B9}.Debug|iPhoneSimulator.Build.0 = Debug|iPhoneSimulator
		{43A6FCCD-C983-4B39-9A3B-05F9F16D56B9}.Debug|x64.ActiveCfg = Debug|iPhone
		{43A6FCCD-C983-4B39-9A3B-05F9F16D56B9}.Debug|x86.ActiveCfg = Debug|iPhone
		{43A6FCCD-C983-4B39-9A3B-05F9F16D56B9}.Release|Any CPU.ActiveCfg = Release|iPhone
		{43A6FCCD-C983-4B39-9A3B-05F9F16D56B9}.Release|ARM.ActiveCfg = Release|iPhone
		{43A6FCCD-C983-4B39-9A3B-05F9F16D56B9}.Release|iPhone.ActiveCfg = Release|iPhone
		{43A6FCCD-C983-4B39-9A3B-05F9F16D56B9}.Release|iPhone.Build.0 = Release|iPhone
		{43A6FCCD-C983-4B39-9A3B-05F9F16D56B9}.Release|iPhoneSimulator.ActiveCfg = Release|iPhoneSimulator
		{43A6FCCD-C983-4B39-9A3B-05F9F16D56B9}.Release|iPhoneSimulator.Build.0 = Release|iPhoneSimulator
		{43A6FCCD-C983-4B39-9A3B-05F9F16D56B9}.Release|x64.ActiveCfg = Release|iPhone
		{43A6FCCD-C983-4B39-9A3B-05F9F16D56B9}.Release|x86.ActiveCfg = Release|iPhone
		{C9CC5CB6-048A-4D70-ADDB-BCA8E5349223}.Ad-Hoc|Any CPU.ActiveCfg = Release|Any CPU
		{C9CC5CB6-048A-4D70-ADDB-BCA8E5349223}.Ad-Hoc|Any CPU.Build.0 = Release|Any CPU
		{C9CC5CB6-048A-4D70-ADDB-BCA8E5349223}.Ad-Hoc|Any CPU.Deploy.0 = Release|Any CPU
		{C9CC5CB6-048A-4D70-ADDB-BCA8E5349223}.Ad-Hoc|ARM.ActiveCfg = Release|ARM
		{C9CC5CB6-048A-4D70-ADDB-BCA8E5349223}.Ad-Hoc|ARM.Build.0 = Release|ARM
		{C9CC5CB6-048A-4D70-ADDB-BCA8E5349223}.Ad-Hoc|ARM.Deploy.0 = Release|ARM
		{C9CC5CB6-048A-4D70-ADDB-BCA8E5349223}.Ad-Hoc|iPhone.ActiveCfg = Release|Any CPU
		{C9CC5CB6-048A-4D70-ADDB-BCA8E5349223}.Ad-Hoc|iPhone.Build.0 = Release|Any CPU
		{C9CC5CB6-048A-4D70-ADDB-BCA8E5349223}.Ad-Hoc|iPhone.Deploy.0 = Release|Any CPU
		{C9CC5CB6-048A-4D70-ADDB-BCA8E5349223}.Ad-Hoc|iPhoneSimulator.ActiveCfg = Release|Any CPU
		{C9CC5CB6-048A-4D70-ADDB-BCA8E5349223}.Ad-Hoc|iPhoneSimulator.Build.0 = Release|Any CPU
		{C9CC5CB6-048A-4D70-ADDB-BCA8E5349223}.Ad-Hoc|iPhoneSimulator.Deploy.0 = Release|Any CPU
		{C9CC5CB6-048A-4D70-ADDB-BCA8E5349223}.Ad-Hoc|x64.ActiveCfg = Release|Any CPU
		{C9CC5CB6-048A-4D70-ADDB-BCA8E5349223}.Ad-Hoc|x64.Build.0 = Release|Any CPU
		{C9CC5CB6-048A-4D70-ADDB-BCA8E5349223}.Ad-Hoc|x64.Deploy.0 = Release|Any CPU
		{C9CC5CB6-048A-4D70-ADDB-BCA8E5349223}.Ad-Hoc|x86.ActiveCfg = Release|x86
		{C9CC5CB6-048A-4D70-ADDB-BCA8E5349223}.Ad-Hoc|x86.Build.0 = Release|x86
		{C9CC5CB6-048A-4D70-ADDB-BCA8E5349223}.Ad-Hoc|x86.Deploy.0 = Release|x86
		{C9CC5CB6-048A-4D70-ADDB-BCA8E5349223}.AppStore|Any CPU.ActiveCfg = Release|Any CPU
		{C9CC5CB6-048A-4D70-ADDB-BCA8E5349223}.AppStore|Any CPU.Build.0 = Release|Any CPU
		{C9CC5CB6-048A-4D70-ADDB-BCA8E5349223}.AppStore|Any CPU.Deploy.0 = Release|Any CPU
		{C9CC5CB6-048A-4D70-ADDB-BCA8E5349223}.AppStore|ARM.ActiveCfg = Release|ARM
		{C9CC5CB6-048A-4D70-ADDB-BCA8E5349223}.AppStore|ARM.Build.0 = Release|ARM
		{C9CC5CB6-048A-4D70-ADDB-BCA8E5349223}.AppStore|ARM.Deploy.0 = Release|ARM
		{C9CC5CB6-048A-4D70-ADDB-BCA8E5349223}.AppStore|iPhone.ActiveCfg = Release|Any CPU
		{C9CC5CB6-048A-4D70-ADDB-BCA8E5349223}.AppStore|iPhone.Build.0 = Release|Any CPU
		{C9CC5CB6-048A-4D70-ADDB-BCA8E5349223}.AppStore|iPhone.Deploy.0 = Release|Any CPU
		{C9CC5CB6-048A-4D70-ADDB-BCA8E5349223}.AppStore|iPhoneSimulator.ActiveCfg = Release|Any CPU
		{C9CC5CB6-048A-4D70-ADDB-BCA8E5349223}.AppStore|iPhoneSimulator.Build.0 = Release|Any CPU
		{C9CC5CB6-048A-4D70-ADDB-BCA8E5349223}.AppStore|iPhoneSimulator.Deploy.0 = Release|Any CPU
		{C9CC5CB6-048A-4D70-ADDB-BCA8E5349223}.AppStore|x64.ActiveCfg = Release|Any CPU
		{C9CC5CB6-048A-4D70-ADDB-BCA8E5349223}.AppStore|x64.Build.0 = Release|Any CPU
		{C9CC5CB6-048A-4D70-ADDB-BCA8E5349223}.AppStore|x64.Deploy.0 = Release|Any CPU
		{C9CC5CB6-048A-4D70-ADDB-BCA8E5349223}.AppStore|x86.ActiveCfg = Release|x86
		{C9CC5CB6-048A-4D70-ADDB-BCA8E5349223}.AppStore|x86.Build.0 = Release|x86
		{C9CC5CB6-048A-4D70-ADDB-BCA8E5349223}.AppStore|x86.Deploy.0 = Release|x86
		{C9CC5CB6-048A-4D70-ADDB-BCA8E5349223}.Debug|Any CPU.ActiveCfg = Debug|Any CPU
		{C9CC5CB6-048A-4D70-ADDB-BCA8E5349223}.Debug|Any CPU.Build.0 = Debug|Any CPU
		{C9CC5CB6-048A-4D70-ADDB-BCA8E5349223}.Debug|Any CPU.Deploy.0 = Debug|Any CPU
		{C9CC5CB6-048A-4D70-ADDB-BCA8E5349223}.Debug|ARM.ActiveCfg = Debug|ARM
		{C9CC5CB6-048A-4D70-ADDB-BCA8E5349223}.Debug|ARM.Build.0 = Debug|ARM
		{C9CC5CB6-048A-4D70-ADDB-BCA8E5349223}.Debug|ARM.Deploy.0 = Debug|ARM
		{C9CC5CB6-048A-4D70-ADDB-BCA8E5349223}.Debug|iPhone.ActiveCfg = Debug|Any CPU
		{C9CC5CB6-048A-4D70-ADDB-BCA8E5349223}.Debug|iPhone.Build.0 = Debug|Any CPU
		{C9CC5CB6-048A-4D70-ADDB-BCA8E5349223}.Debug|iPhone.Deploy.0 = Debug|Any CPU
		{C9CC5CB6-048A-4D70-ADDB-BCA8E5349223}.Debug|iPhoneSimulator.ActiveCfg = Debug|Any CPU
		{C9CC5CB6-048A-4D70-ADDB-BCA8E5349223}.Debug|iPhoneSimulator.Build.0 = Debug|Any CPU
		{C9CC5CB6-048A-4D70-ADDB-BCA8E5349223}.Debug|iPhoneSimulator.Deploy.0 = Debug|Any CPU
		{C9CC5CB6-048A-4D70-ADDB-BCA8E5349223}.Debug|x64.ActiveCfg = Debug|Any CPU
		{C9CC5CB6-048A-4D70-ADDB-BCA8E5349223}.Debug|x64.Build.0 = Debug|Any CPU
		{C9CC5CB6-048A-4D70-ADDB-BCA8E5349223}.Debug|x64.Deploy.0 = Debug|Any CPU
		{C9CC5CB6-048A-4D70-ADDB-BCA8E5349223}.Debug|x86.ActiveCfg = Debug|x86
		{C9CC5CB6-048A-4D70-ADDB-BCA8E5349223}.Debug|x86.Build.0 = Debug|x86
		{C9CC5CB6-048A-4D70-ADDB-BCA8E5349223}.Debug|x86.Deploy.0 = Debug|x86
		{C9CC5CB6-048A-4D70-ADDB-BCA8E5349223}.Release|Any CPU.ActiveCfg = Release|Any CPU
		{C9CC5CB6-048A-4D70-ADDB-BCA8E5349223}.Release|Any CPU.Build.0 = Release|Any CPU
		{C9CC5CB6-048A-4D70-ADDB-BCA8E5349223}.Release|Any CPU.Deploy.0 = Release|Any CPU
		{C9CC5CB6-048A-4D70-ADDB-BCA8E5349223}.Release|ARM.ActiveCfg = Release|ARM
		{C9CC5CB6-048A-4D70-ADDB-BCA8E5349223}.Release|ARM.Build.0 = Release|ARM
		{C9CC5CB6-048A-4D70-ADDB-BCA8E5349223}.Release|ARM.Deploy.0 = Release|ARM
		{C9CC5CB6-048A-4D70-ADDB-BCA8E5349223}.Release|iPhone.ActiveCfg = Release|Any CPU
		{C9CC5CB6-048A-4D70-ADDB-BCA8E5349223}.Release|iPhone.Build.0 = Release|Any CPU
		{C9CC5CB6-048A-4D70-ADDB-BCA8E5349223}.Release|iPhone.Deploy.0 = Release|Any CPU
		{C9CC5CB6-048A-4D70-ADDB-BCA8E5349223}.Release|iPhoneSimulator.ActiveCfg = Release|Any CPU
		{C9CC5CB6-048A-4D70-ADDB-BCA8E5349223}.Release|iPhoneSimulator.Build.0 = Release|Any CPU
		{C9CC5CB6-048A-4D70-ADDB-BCA8E5349223}.Release|iPhoneSimulator.Deploy.0 = Release|Any CPU
		{C9CC5CB6-048A-4D70-ADDB-BCA8E5349223}.Release|x64.ActiveCfg = Release|Any CPU
		{C9CC5CB6-048A-4D70-ADDB-BCA8E5349223}.Release|x64.Build.0 = Release|Any CPU
		{C9CC5CB6-048A-4D70-ADDB-BCA8E5349223}.Release|x64.Deploy.0 = Release|Any CPU
		{C9CC5CB6-048A-4D70-ADDB-BCA8E5349223}.Release|x86.ActiveCfg = Release|x86
		{C9CC5CB6-048A-4D70-ADDB-BCA8E5349223}.Release|x86.Build.0 = Release|x86
		{C9CC5CB6-048A-4D70-ADDB-BCA8E5349223}.Release|x86.Deploy.0 = Release|x86
		{98424F29-D814-449E-9BB4-D2AA21A9FFFC}.Ad-Hoc|Any CPU.ActiveCfg = Release|x86
		{98424F29-D814-449E-9BB4-D2AA21A9FFFC}.Ad-Hoc|Any CPU.Build.0 = Release|x86
		{98424F29-D814-449E-9BB4-D2AA21A9FFFC}.Ad-Hoc|Any CPU.Deploy.0 = Release|x86
		{98424F29-D814-449E-9BB4-D2AA21A9FFFC}.Ad-Hoc|ARM.ActiveCfg = Release|ARM
		{98424F29-D814-449E-9BB4-D2AA21A9FFFC}.Ad-Hoc|ARM.Build.0 = Release|ARM
		{98424F29-D814-449E-9BB4-D2AA21A9FFFC}.Ad-Hoc|ARM.Deploy.0 = Release|ARM
		{98424F29-D814-449E-9BB4-D2AA21A9FFFC}.Ad-Hoc|iPhone.ActiveCfg = Release|x86
		{98424F29-D814-449E-9BB4-D2AA21A9FFFC}.Ad-Hoc|iPhone.Build.0 = Release|x86
		{98424F29-D814-449E-9BB4-D2AA21A9FFFC}.Ad-Hoc|iPhone.Deploy.0 = Release|x86
		{98424F29-D814-449E-9BB4-D2AA21A9FFFC}.Ad-Hoc|iPhoneSimulator.ActiveCfg = Release|x86
		{98424F29-D814-449E-9BB4-D2AA21A9FFFC}.Ad-Hoc|iPhoneSimulator.Build.0 = Release|x86
		{98424F29-D814-449E-9BB4-D2AA21A9FFFC}.Ad-Hoc|iPhoneSimulator.Deploy.0 = Release|x86
		{98424F29-D814-449E-9BB4-D2AA21A9FFFC}.Ad-Hoc|x64.ActiveCfg = Release|x64
		{98424F29-D814-449E-9BB4-D2AA21A9FFFC}.Ad-Hoc|x64.Build.0 = Release|x64
		{98424F29-D814-449E-9BB4-D2AA21A9FFFC}.Ad-Hoc|x64.Deploy.0 = Release|x64
		{98424F29-D814-449E-9BB4-D2AA21A9FFFC}.Ad-Hoc|x86.ActiveCfg = Release|x86
		{98424F29-D814-449E-9BB4-D2AA21A9FFFC}.Ad-Hoc|x86.Build.0 = Release|x86
		{98424F29-D814-449E-9BB4-D2AA21A9FFFC}.Ad-Hoc|x86.Deploy.0 = Release|x86
		{98424F29-D814-449E-9BB4-D2AA21A9FFFC}.AppStore|Any CPU.ActiveCfg = Release|x86
		{98424F29-D814-449E-9BB4-D2AA21A9FFFC}.AppStore|Any CPU.Build.0 = Release|x86
		{98424F29-D814-449E-9BB4-D2AA21A9FFFC}.AppStore|Any CPU.Deploy.0 = Release|x86
		{98424F29-D814-449E-9BB4-D2AA21A9FFFC}.AppStore|ARM.ActiveCfg = Release|ARM
		{98424F29-D814-449E-9BB4-D2AA21A9FFFC}.AppStore|ARM.Build.0 = Release|ARM
		{98424F29-D814-449E-9BB4-D2AA21A9FFFC}.AppStore|ARM.Deploy.0 = Release|ARM
		{98424F29-D814-449E-9BB4-D2AA21A9FFFC}.AppStore|iPhone.ActiveCfg = Release|x86
		{98424F29-D814-449E-9BB4-D2AA21A9FFFC}.AppStore|iPhone.Build.0 = Release|x86
		{98424F29-D814-449E-9BB4-D2AA21A9FFFC}.AppStore|iPhone.Deploy.0 = Release|x86
		{98424F29-D814-449E-9BB4-D2AA21A9FFFC}.AppStore|iPhoneSimulator.ActiveCfg = Release|x86
		{98424F29-D814-449E-9BB4-D2AA21A9FFFC}.AppStore|iPhoneSimulator.Build.0 = Release|x86
		{98424F29-D814-449E-9BB4-D2AA21A9FFFC}.AppStore|iPhoneSimulator.Deploy.0 = Release|x86
		{98424F29-D814-449E-9BB4-D2AA21A9FFFC}.AppStore|x64.ActiveCfg = Release|x64
		{98424F29-D814-449E-9BB4-D2AA21A9FFFC}.AppStore|x64.Build.0 = Release|x64
		{98424F29-D814-449E-9BB4-D2AA21A9FFFC}.AppStore|x64.Deploy.0 = Release|x64
		{98424F29-D814-449E-9BB4-D2AA21A9FFFC}.AppStore|x86.ActiveCfg = Release|x86
		{98424F29-D814-449E-9BB4-D2AA21A9FFFC}.AppStore|x86.Build.0 = Release|x86
		{98424F29-D814-449E-9BB4-D2AA21A9FFFC}.AppStore|x86.Deploy.0 = Release|x86
		{98424F29-D814-449E-9BB4-D2AA21A9FFFC}.Debug|Any CPU.ActiveCfg = Debug|x86
		{98424F29-D814-449E-9BB4-D2AA21A9FFFC}.Debug|ARM.ActiveCfg = Debug|ARM
		{98424F29-D814-449E-9BB4-D2AA21A9FFFC}.Debug|ARM.Build.0 = Debug|ARM
		{98424F29-D814-449E-9BB4-D2AA21A9FFFC}.Debug|ARM.Deploy.0 = Debug|ARM
		{98424F29-D814-449E-9BB4-D2AA21A9FFFC}.Debug|iPhone.ActiveCfg = Debug|x86
		{98424F29-D814-449E-9BB4-D2AA21A9FFFC}.Debug|iPhoneSimulator.ActiveCfg = Debug|x86
		{98424F29-D814-449E-9BB4-D2AA21A9FFFC}.Debug|x64.ActiveCfg = Debug|x64
		{98424F29-D814-449E-9BB4-D2AA21A9FFFC}.Debug|x64.Build.0 = Debug|x64
		{98424F29-D814-449E-9BB4-D2AA21A9FFFC}.Debug|x64.Deploy.0 = Debug|x64
		{98424F29-D814-449E-9BB4-D2AA21A9FFFC}.Debug|x86.ActiveCfg = Debug|x86
		{98424F29-D814-449E-9BB4-D2AA21A9FFFC}.Debug|x86.Build.0 = Debug|x86
		{98424F29-D814-449E-9BB4-D2AA21A9FFFC}.Debug|x86.Deploy.0 = Debug|x86
		{98424F29-D814-449E-9BB4-D2AA21A9FFFC}.Release|Any CPU.ActiveCfg = Release|x86
		{98424F29-D814-449E-9BB4-D2AA21A9FFFC}.Release|ARM.ActiveCfg = Release|ARM
		{98424F29-D814-449E-9BB4-D2AA21A9FFFC}.Release|ARM.Build.0 = Release|ARM
		{98424F29-D814-449E-9BB4-D2AA21A9FFFC}.Release|ARM.Deploy.0 = Release|ARM
		{98424F29-D814-449E-9BB4-D2AA21A9FFFC}.Release|iPhone.ActiveCfg = Release|x86
		{98424F29-D814-449E-9BB4-D2AA21A9FFFC}.Release|iPhoneSimulator.ActiveCfg = Release|x86
		{98424F29-D814-449E-9BB4-D2AA21A9FFFC}.Release|x64.ActiveCfg = Release|x64
		{98424F29-D814-449E-9BB4-D2AA21A9FFFC}.Release|x64.Build.0 = Release|x64
		{98424F29-D814-449E-9BB4-D2AA21A9FFFC}.Release|x64.Deploy.0 = Release|x64
		{98424F29-D814-449E-9BB4-D2AA21A9FFFC}.Release|x86.ActiveCfg = Release|x86
		{98424F29-D814-449E-9BB4-D2AA21A9FFFC}.Release|x86.Build.0 = Release|x86
		{98424F29-D814-449E-9BB4-D2AA21A9FFFC}.Release|x86.Deploy.0 = Release|x86
		{98ACE7DE-B3A2-48B6-9484-3A4042310426}.Ad-Hoc|Any CPU.ActiveCfg = Release|Any CPU
		{98ACE7DE-B3A2-48B6-9484-3A4042310426}.Ad-Hoc|Any CPU.Build.0 = Release|Any CPU
		{98ACE7DE-B3A2-48B6-9484-3A4042310426}.Ad-Hoc|Any CPU.Deploy.0 = Release|Any CPU
		{98ACE7DE-B3A2-48B6-9484-3A4042310426}.Ad-Hoc|ARM.ActiveCfg = Release|ARM
		{98ACE7DE-B3A2-48B6-9484-3A4042310426}.Ad-Hoc|ARM.Build.0 = Release|ARM
		{98ACE7DE-B3A2-48B6-9484-3A4042310426}.Ad-Hoc|ARM.Deploy.0 = Release|ARM
		{98ACE7DE-B3A2-48B6-9484-3A4042310426}.Ad-Hoc|iPhone.ActiveCfg = Release|Any CPU
		{98ACE7DE-B3A2-48B6-9484-3A4042310426}.Ad-Hoc|iPhone.Build.0 = Release|Any CPU
		{98ACE7DE-B3A2-48B6-9484-3A4042310426}.Ad-Hoc|iPhone.Deploy.0 = Release|Any CPU
		{98ACE7DE-B3A2-48B6-9484-3A4042310426}.Ad-Hoc|iPhoneSimulator.ActiveCfg = Release|Any CPU
		{98ACE7DE-B3A2-48B6-9484-3A4042310426}.Ad-Hoc|iPhoneSimulator.Build.0 = Release|Any CPU
		{98ACE7DE-B3A2-48B6-9484-3A4042310426}.Ad-Hoc|iPhoneSimulator.Deploy.0 = Release|Any CPU
		{98ACE7DE-B3A2-48B6-9484-3A4042310426}.Ad-Hoc|x64.ActiveCfg = Release|x64
		{98ACE7DE-B3A2-48B6-9484-3A4042310426}.Ad-Hoc|x64.Build.0 = Release|x64
		{98ACE7DE-B3A2-48B6-9484-3A4042310426}.Ad-Hoc|x64.Deploy.0 = Release|x64
		{98ACE7DE-B3A2-48B6-9484-3A4042310426}.Ad-Hoc|x86.ActiveCfg = Release|x86
		{98ACE7DE-B3A2-48B6-9484-3A4042310426}.Ad-Hoc|x86.Build.0 = Release|x86
		{98ACE7DE-B3A2-48B6-9484-3A4042310426}.Ad-Hoc|x86.Deploy.0 = Release|x86
		{98ACE7DE-B3A2-48B6-9484-3A4042310426}.AppStore|Any CPU.ActiveCfg = Release|Any CPU
		{98ACE7DE-B3A2-48B6-9484-3A4042310426}.AppStore|Any CPU.Build.0 = Release|Any CPU
		{98ACE7DE-B3A2-48B6-9484-3A4042310426}.AppStore|Any CPU.Deploy.0 = Release|Any CPU
		{98ACE7DE-B3A2-48B6-9484-3A4042310426}.AppStore|ARM.ActiveCfg = Release|ARM
		{98ACE7DE-B3A2-48B6-9484-3A4042310426}.AppStore|ARM.Build.0 = Release|ARM
		{98ACE7DE-B3A2-48B6-9484-3A4042310426}.AppStore|ARM.Deploy.0 = Release|ARM
		{98ACE7DE-B3A2-48B6-9484-3A4042310426}.AppStore|iPhone.ActiveCfg = Release|Any CPU
		{98ACE7DE-B3A2-48B6-9484-3A4042310426}.AppStore|iPhone.Build.0 = Release|Any CPU
		{98ACE7DE-B3A2-48B6-9484-3A4042310426}.AppStore|iPhone.Deploy.0 = Release|Any CPU
		{98ACE7DE-B3A2-48B6-9484-3A4042310426}.AppStore|iPhoneSimulator.ActiveCfg = Release|Any CPU
		{98ACE7DE-B3A2-48B6-9484-3A4042310426}.AppStore|iPhoneSimulator.Build.0 = Release|Any CPU
		{98ACE7DE-B3A2-48B6-9484-3A4042310426}.AppStore|iPhoneSimulator.Deploy.0 = Release|Any CPU
		{98ACE7DE-B3A2-48B6-9484-3A4042310426}.AppStore|x64.ActiveCfg = Release|x64
		{98ACE7DE-B3A2-48B6-9484-3A4042310426}.AppStore|x64.Build.0 = Release|x64
		{98ACE7DE-B3A2-48B6-9484-3A4042310426}.AppStore|x64.Deploy.0 = Release|x64
		{98ACE7DE-B3A2-48B6-9484-3A4042310426}.AppStore|x86.ActiveCfg = Release|x86
		{98ACE7DE-B3A2-48B6-9484-3A4042310426}.AppStore|x86.Build.0 = Release|x86
		{98ACE7DE-B3A2-48B6-9484-3A4042310426}.AppStore|x86.Deploy.0 = Release|x86
		{98ACE7DE-B3A2-48B6-9484-3A4042310426}.Debug|Any CPU.ActiveCfg = Debug|Any CPU
		{98ACE7DE-B3A2-48B6-9484-3A4042310426}.Debug|Any CPU.Build.0 = Debug|Any CPU
		{98ACE7DE-B3A2-48B6-9484-3A4042310426}.Debug|Any CPU.Deploy.0 = Debug|Any CPU
		{98ACE7DE-B3A2-48B6-9484-3A4042310426}.Debug|ARM.ActiveCfg = Debug|ARM
		{98ACE7DE-B3A2-48B6-9484-3A4042310426}.Debug|ARM.Build.0 = Debug|ARM
		{98ACE7DE-B3A2-48B6-9484-3A4042310426}.Debug|ARM.Deploy.0 = Debug|ARM
		{98ACE7DE-B3A2-48B6-9484-3A4042310426}.Debug|iPhone.ActiveCfg = Debug|Any CPU
		{98ACE7DE-B3A2-48B6-9484-3A4042310426}.Debug|iPhone.Build.0 = Debug|Any CPU
		{98ACE7DE-B3A2-48B6-9484-3A4042310426}.Debug|iPhone.Deploy.0 = Debug|Any CPU
		{98ACE7DE-B3A2-48B6-9484-3A4042310426}.Debug|iPhoneSimulator.ActiveCfg = Debug|Any CPU
		{98ACE7DE-B3A2-48B6-9484-3A4042310426}.Debug|iPhoneSimulator.Build.0 = Debug|Any CPU
		{98ACE7DE-B3A2-48B6-9484-3A4042310426}.Debug|iPhoneSimulator.Deploy.0 = Debug|Any CPU
		{98ACE7DE-B3A2-48B6-9484-3A4042310426}.Debug|x64.ActiveCfg = Debug|x64
		{98ACE7DE-B3A2-48B6-9484-3A4042310426}.Debug|x64.Build.0 = Debug|x64
		{98ACE7DE-B3A2-48B6-9484-3A4042310426}.Debug|x64.Deploy.0 = Debug|x64
		{98ACE7DE-B3A2-48B6-9484-3A4042310426}.Debug|x86.ActiveCfg = Debug|x86
		{98ACE7DE-B3A2-48B6-9484-3A4042310426}.Debug|x86.Build.0 = Debug|x86
		{98ACE7DE-B3A2-48B6-9484-3A4042310426}.Debug|x86.Deploy.0 = Debug|x86
		{98ACE7DE-B3A2-48B6-9484-3A4042310426}.Release|Any CPU.ActiveCfg = Release|Any CPU
		{98ACE7DE-B3A2-48B6-9484-3A4042310426}.Release|Any CPU.Build.0 = Release|Any CPU
		{98ACE7DE-B3A2-48B6-9484-3A4042310426}.Release|Any CPU.Deploy.0 = Release|Any CPU
		{98ACE7DE-B3A2-48B6-9484-3A4042310426}.Release|ARM.ActiveCfg = Release|ARM
		{98ACE7DE-B3A2-48B6-9484-3A4042310426}.Release|ARM.Build.0 = Release|ARM
		{98ACE7DE-B3A2-48B6-9484-3A4042310426}.Release|ARM.Deploy.0 = Release|ARM
		{98ACE7DE-B3A2-48B6-9484-3A4042310426}.Release|iPhone.ActiveCfg = Release|Any CPU
		{98ACE7DE-B3A2-48B6-9484-3A4042310426}.Release|iPhone.Build.0 = Release|Any CPU
		{98ACE7DE-B3A2-48B6-9484-3A4042310426}.Release|iPhone.Deploy.0 = Release|Any CPU
		{98ACE7DE-B3A2-48B6-9484-3A4042310426}.Release|iPhoneSimulator.ActiveCfg = Release|Any CPU
		{98ACE7DE-B3A2-48B6-9484-3A4042310426}.Release|iPhoneSimulator.Build.0 = Release|Any CPU
		{98ACE7DE-B3A2-48B6-9484-3A4042310426}.Release|iPhoneSimulator.Deploy.0 = Release|Any CPU
		{98ACE7DE-B3A2-48B6-9484-3A4042310426}.Release|x64.ActiveCfg = Release|x64
		{98ACE7DE-B3A2-48B6-9484-3A4042310426}.Release|x64.Build.0 = Release|x64
		{98ACE7DE-B3A2-48B6-9484-3A4042310426}.Release|x64.Deploy.0 = Release|x64
		{98ACE7DE-B3A2-48B6-9484-3A4042310426}.Release|x86.ActiveCfg = Release|x86
		{98ACE7DE-B3A2-48B6-9484-3A4042310426}.Release|x86.Build.0 = Release|x86
		{98ACE7DE-B3A2-48B6-9484-3A4042310426}.Release|x86.Deploy.0 = Release|x86
		{ACB1CC18-893E-4820-AB2F-44CBC38AC787}.Ad-Hoc|Any CPU.ActiveCfg = Release|Any CPU
		{ACB1CC18-893E-4820-AB2F-44CBC38AC787}.Ad-Hoc|Any CPU.Build.0 = Release|Any CPU
		{ACB1CC18-893E-4820-AB2F-44CBC38AC787}.Ad-Hoc|ARM.ActiveCfg = Release|Any CPU
		{ACB1CC18-893E-4820-AB2F-44CBC38AC787}.Ad-Hoc|ARM.Build.0 = Release|Any CPU
		{ACB1CC18-893E-4820-AB2F-44CBC38AC787}.Ad-Hoc|iPhone.ActiveCfg = Release|Any CPU
		{ACB1CC18-893E-4820-AB2F-44CBC38AC787}.Ad-Hoc|iPhone.Build.0 = Release|Any CPU
		{ACB1CC18-893E-4820-AB2F-44CBC38AC787}.Ad-Hoc|iPhoneSimulator.ActiveCfg = Release|Any CPU
		{ACB1CC18-893E-4820-AB2F-44CBC38AC787}.Ad-Hoc|iPhoneSimulator.Build.0 = Release|Any CPU
		{ACB1CC18-893E-4820-AB2F-44CBC38AC787}.Ad-Hoc|x64.ActiveCfg = Release|Any CPU
		{ACB1CC18-893E-4820-AB2F-44CBC38AC787}.Ad-Hoc|x64.Build.0 = Release|Any CPU
		{ACB1CC18-893E-4820-AB2F-44CBC38AC787}.Ad-Hoc|x86.ActiveCfg = Release|Any CPU
		{ACB1CC18-893E-4820-AB2F-44CBC38AC787}.Ad-Hoc|x86.Build.0 = Release|Any CPU
		{ACB1CC18-893E-4820-AB2F-44CBC38AC787}.AppStore|Any CPU.ActiveCfg = Release|Any CPU
		{ACB1CC18-893E-4820-AB2F-44CBC38AC787}.AppStore|Any CPU.Build.0 = Release|Any CPU
		{ACB1CC18-893E-4820-AB2F-44CBC38AC787}.AppStore|ARM.ActiveCfg = Release|Any CPU
		{ACB1CC18-893E-4820-AB2F-44CBC38AC787}.AppStore|ARM.Build.0 = Release|Any CPU
		{ACB1CC18-893E-4820-AB2F-44CBC38AC787}.AppStore|iPhone.ActiveCfg = Release|Any CPU
		{ACB1CC18-893E-4820-AB2F-44CBC38AC787}.AppStore|iPhone.Build.0 = Release|Any CPU
		{ACB1CC18-893E-4820-AB2F-44CBC38AC787}.AppStore|iPhoneSimulator.ActiveCfg = Release|Any CPU
		{ACB1CC18-893E-4820-AB2F-44CBC38AC787}.AppStore|iPhoneSimulator.Build.0 = Release|Any CPU
		{ACB1CC18-893E-4820-AB2F-44CBC38AC787}.AppStore|x64.ActiveCfg = Release|Any CPU
		{ACB1CC18-893E-4820-AB2F-44CBC38AC787}.AppStore|x64.Build.0 = Release|Any CPU
		{ACB1CC18-893E-4820-AB2F-44CBC38AC787}.AppStore|x86.ActiveCfg = Release|Any CPU
		{ACB1CC18-893E-4820-AB2F-44CBC38AC787}.AppStore|x86.Build.0 = Release|Any CPU
		{ACB1CC18-893E-4820-AB2F-44CBC38AC787}.Debug|Any CPU.ActiveCfg = Debug|Any CPU
		{ACB1CC18-893E-4820-AB2F-44CBC38AC787}.Debug|Any CPU.Build.0 = Debug|Any CPU
		{ACB1CC18-893E-4820-AB2F-44CBC38AC787}.Debug|ARM.ActiveCfg = Debug|Any CPU
		{ACB1CC18-893E-4820-AB2F-44CBC38AC787}.Debug|ARM.Build.0 = Debug|Any CPU
		{ACB1CC18-893E-4820-AB2F-44CBC38AC787}.Debug|iPhone.ActiveCfg = Debug|Any CPU
		{ACB1CC18-893E-4820-AB2F-44CBC38AC787}.Debug|iPhone.Build.0 = Debug|Any CPU
		{ACB1CC18-893E-4820-AB2F-44CBC38AC787}.Debug|iPhoneSimulator.ActiveCfg = Debug|Any CPU
		{ACB1CC18-893E-4820-AB2F-44CBC38AC787}.Debug|iPhoneSimulator.Build.0 = Debug|Any CPU
		{ACB1CC18-893E-4820-AB2F-44CBC38AC787}.Debug|x64.ActiveCfg = Debug|Any CPU
		{ACB1CC18-893E-4820-AB2F-44CBC38AC787}.Debug|x64.Build.0 = Debug|Any CPU
		{ACB1CC18-893E-4820-AB2F-44CBC38AC787}.Debug|x86.ActiveCfg = Debug|Any CPU
		{ACB1CC18-893E-4820-AB2F-44CBC38AC787}.Debug|x86.Build.0 = Debug|Any CPU
		{ACB1CC18-893E-4820-AB2F-44CBC38AC787}.Release|Any CPU.ActiveCfg = Release|Any CPU
		{ACB1CC18-893E-4820-AB2F-44CBC38AC787}.Release|Any CPU.Build.0 = Release|Any CPU
		{ACB1CC18-893E-4820-AB2F-44CBC38AC787}.Release|ARM.ActiveCfg = Release|Any CPU
		{ACB1CC18-893E-4820-AB2F-44CBC38AC787}.Release|ARM.Build.0 = Release|Any CPU
		{ACB1CC18-893E-4820-AB2F-44CBC38AC787}.Release|iPhone.ActiveCfg = Release|Any CPU
		{ACB1CC18-893E-4820-AB2F-44CBC38AC787}.Release|iPhone.Build.0 = Release|Any CPU
		{ACB1CC18-893E-4820-AB2F-44CBC38AC787}.Release|iPhoneSimulator.ActiveCfg = Release|Any CPU
		{ACB1CC18-893E-4820-AB2F-44CBC38AC787}.Release|iPhoneSimulator.Build.0 = Release|Any CPU
		{ACB1CC18-893E-4820-AB2F-44CBC38AC787}.Release|x64.ActiveCfg = Release|Any CPU
		{ACB1CC18-893E-4820-AB2F-44CBC38AC787}.Release|x64.Build.0 = Release|Any CPU
		{ACB1CC18-893E-4820-AB2F-44CBC38AC787}.Release|x86.ActiveCfg = Release|Any CPU
		{ACB1CC18-893E-4820-AB2F-44CBC38AC787}.Release|x86.Build.0 = Release|Any CPU
	EndGlobalSection
	GlobalSection(SolutionProperties) = preSolution
		HideSolutionNode = FALSE
	EndGlobalSection
EndGlobal
